
Microsoft Visual Studio Solution File, Format Version 12.00
# Visual Studio Version 17
VisualStudioVersion = 17.9.34607.119
MinimumVisualStudioVersion = 10.0.40219.1
Project("{FAE04EC0-301F-11D3-BF4B-00C04F79EFBC}") = "WellnessCenterBackend", "WellnessCenterBackend\WellnessCenterBackend.csproj", "{F636CCEB-A23A-4AEB-8760-80F7BCACC061}"
EndProject
Global
	GlobalSection(SolutionConfigurationPlatforms) = preSolution
		Debug|Any CPU = Debug|Any CPU
		Release|Any CPU = Release|Any CPU
	EndGlobalSection
	GlobalSection(ProjectConfigurationPlatforms) = postSolution
		{F636CCEB-A23A-4AEB-8760-80F7BCACC061}.Debug|Any CPU.ActiveCfg = Debug|Any CPU
		{F636CCEB-A23A-4AEB-8760-80F7BCACC061}.Debug|Any CPU.Build.0 = Debug|Any CPU
		{F636CCEB-A23A-4AEB-8760-80F7BCACC061}.Release|Any CPU.ActiveCfg = Release|Any CPU
		{F636CCEB-A23A-4AEB-8760-80F7BCACC061}.Release|Any CPU.Build.0 = Release|Any CPU
	EndGlobalSection
	GlobalSection(SolutionProperties) = preSolution
		HideSolutionNode = FALSE
	EndGlobalSection
	GlobalSection(ExtensibilityGlobals) = postSolution
		SolutionGuid = {2936E379-88DB-4A06-9B97-ADB84E430DAE}
	EndGlobalSection
EndGlobal
